{
  "version": 4,
  "terraform_version": "1.8.5",
  "serial": 50,
  "lineage": "636e93e9-05bd-80bf-70ee-854529c6f74b",
  "outputs": {},
  "resources": [
    {
      "mode": "managed",
      "type": "aws_instance",
      "name": "minecraft_server",
      "provider": "provider[\"registry.terraform.io/hashicorp/aws\"]",
      "instances": [
        {
          "status": "tainted",
          "schema_version": 1,
          "attributes": {
            "ami": "ami-02e8e2a390064c712",
            "arn": "arn:aws:ec2:us-west-2:599429229318:instance/i-08cf16b5e3159d023",
            "associate_public_ip_address": true,
            "availability_zone": "us-west-2b",
            "capacity_reservation_specification": [
              {
                "capacity_reservation_preference": "open",
                "capacity_reservation_target": []
              }
            ],
            "cpu_core_count": 2,
            "cpu_options": [
              {
                "amd_sev_snp": "",
                "core_count": 2,
                "threads_per_core": 1
              }
            ],
            "cpu_threads_per_core": 1,
            "credit_specification": [
              {
                "cpu_credits": "standard"
              }
            ],
            "disable_api_stop": false,
            "disable_api_termination": false,
            "ebs_block_device": [],
            "ebs_optimized": false,
            "enclave_options": [
              {
                "enabled": false
              }
            ],
            "ephemeral_block_device": [],
            "get_password_data": false,
            "hibernation": false,
            "host_id": "",
            "host_resource_group_arn": null,
            "iam_instance_profile": "",
            "id": "i-08cf16b5e3159d023",
            "instance_initiated_shutdown_behavior": "stop",
            "instance_lifecycle": "",
            "instance_market_options": [],
            "instance_state": "running",
            "instance_type": "t2.medium",
            "ipv6_address_count": 0,
            "ipv6_addresses": [],
            "key_name": "pre-existing-key",
            "launch_template": [],
            "maintenance_options": [
              {
                "auto_recovery": "default"
              }
            ],
            "metadata_options": [
              {
                "http_endpoint": "enabled",
                "http_protocol_ipv6": "disabled",
                "http_put_response_hop_limit": 1,
                "http_tokens": "optional",
                "instance_metadata_tags": "disabled"
              }
            ],
            "monitoring": false,
            "network_interface": [],
            "outpost_arn": "",
            "password_data": "",
            "placement_group": "",
            "placement_partition_number": 0,
            "primary_network_interface_id": "eni-0d16a990df52fc050",
            "private_dns": "ip-172-31-29-17.us-west-2.compute.internal",
            "private_dns_name_options": [
              {
                "enable_resource_name_dns_a_record": false,
                "enable_resource_name_dns_aaaa_record": false,
                "hostname_type": "ip-name"
              }
            ],
            "private_ip": "172.31.29.17",
            "public_dns": "ec2-35-90-8-174.us-west-2.compute.amazonaws.com",
            "public_ip": "35.90.8.174",
            "root_block_device": [
              {
                "delete_on_termination": true,
                "device_name": "/dev/xvda",
                "encrypted": false,
                "iops": 100,
                "kms_key_id": "",
                "tags": {},
                "tags_all": {},
                "throughput": 0,
                "volume_id": "vol-08a0f368d642dd5e3",
                "volume_size": 8,
                "volume_type": "gp2"
              }
            ],
            "secondary_private_ips": [],
            "security_groups": [
              "minecraft-sg-20240611222913064500000001"
            ],
            "source_dest_check": true,
            "spot_instance_request_id": "",
            "subnet_id": "subnet-039b76c87c36bcca8",
            "tags": {
              "Name": "MinecraftServer"
            },
            "tags_all": {
              "Name": "MinecraftServer"
            },
            "tenancy": "default",
            "timeouts": null,
            "user_data": null,
            "user_data_base64": null,
            "user_data_replace_on_change": false,
            "volume_tags": null,
            "vpc_security_group_ids": [
              "sg-018b31acbcf8bc25d"
            ]
          },
          "sensitive_attributes": [],
          "private": "eyJlMmJmYjczMC1lY2FhLTExZTYtOGY4OC0zNDM2M2JjN2M0YzAiOnsiY3JlYXRlIjo2MDAwMDAwMDAwMDAsImRlbGV0ZSI6MTIwMDAwMDAwMDAwMCwicmVhZCI6OTAwMDAwMDAwMDAwLCJ1cGRhdGUiOjYwMDAwMDAwMDAwMH0sInNjaGVtYV92ZXJzaW9uIjoiMSJ9",
          "dependencies": [
            "aws_key_pair.pre_existing_key",
            "aws_security_group.minecraft_sg"
          ]
        }
      ]
    },
    {
      "mode": "managed",
      "type": "aws_key_pair",
      "name": "pre_existing_key",
      "provider": "provider[\"registry.terraform.io/hashicorp/aws\"]",
      "instances": [
        {
          "schema_version": 1,
          "attributes": {
            "arn": "arn:aws:ec2:us-west-2:599429229318:key-pair/pre-existing-key",
            "fingerprint": "5a:3b:10:92:79:81:29:5d:7a:de:11:62:69:b8:9b:22",
            "id": "pre-existing-key",
            "key_name": "pre-existing-key",
            "key_name_prefix": "",
            "key_pair_id": "key-061bb037289755b40",
            "key_type": "rsa",
            "public_key": "ssh-rsa AAAAB3NzaC1yc2EAAAADAQABAAACAQDEV5Sb3FKj8X+CJZH320jDB+oxIDyya0JnbmtZLk39BYdk3lB/ISF3y7UxjiaBY9qC8SGgDrjtIaIkDR/YTntGDW7yBYOPXDN5YedDFcpfllNSt09H/dOS4tQqXnIuKf1t2ydKy+MJoGvg7KewSm93Ki6/L/vG4avxnCKGCG12mJZEv8zji8C0SRDNZV7X681QnssjBl/peap/mku6pazs8gLnVZWm/DfPSICuGnwo3stEXOTDsdd6vzDaVZFHCzDQ89l4gk4BGTnkMFbqaZ1M3r8jIAVj5qmJC3G4uYhVn+8pzqEOHUlBZTOSA/+CKbSpzBthZufmSeuT+hFneq/Swm8FvZ5n2UUeFMWm8k/sTRpo9Px2HC6SHbc98ptSuJDsYAiPYEi9O+XHL2s7BCFZVv5X7FG45sBDmcbXHn4l2/RV7oMqugBx9pYchZccxY8i1MwkSSpr12h7pCyEqjvvlUep71FVxhOyJVirx31WWai4nxsHVX9/lEc2BLgsgNNri+Nm5RHG5lv1YYZ3nwP4zaYLzx/hLrzF7bll9Eh+hum0+Lq2Zf9I/sZ1xQxiR30/3CpWfb+NnfpUMfJcH0LfTBHTMNfgmKaXNmwfoKgvbU8zDF2zkvOKdb0enH2aN8qe47wB5J3SidGLB3hOMPrXMKdPw0vmtbrcp5o13tQVwQ== allwh@DESKTOP-HU67F7Q",
            "tags": null,
            "tags_all": {}
          },
          "sensitive_attributes": [],
          "private": "eyJzY2hlbWFfdmVyc2lvbiI6IjEifQ=="
        }
      ]
    },
    {
      "mode": "managed",
      "type": "aws_security_group",
      "name": "minecraft_sg",
      "provider": "provider[\"registry.terraform.io/hashicorp/aws\"]",
      "instances": [
        {
          "schema_version": 1,
          "attributes": {
            "arn": "arn:aws:ec2:us-west-2:599429229318:security-group/sg-018b31acbcf8bc25d",
            "description": "Managed by Terraform",
            "egress": [
              {
                "cidr_blocks": [
                  "0.0.0.0/0"
                ],
                "description": "",
                "from_port": 0,
                "ipv6_cidr_blocks": [],
                "prefix_list_ids": [],
                "protocol": "-1",
                "security_groups": [],
                "self": false,
                "to_port": 0
              }
            ],
            "id": "sg-018b31acbcf8bc25d",
            "ingress": [
              {
                "cidr_blocks": [
                  "0.0.0.0/0"
                ],
                "description": "",
                "from_port": 22,
                "ipv6_cidr_blocks": [],
                "prefix_list_ids": [],
                "protocol": "tcp",
                "security_groups": [],
                "self": false,
                "to_port": 22
              },
              {
                "cidr_blocks": [
                  "0.0.0.0/0"
                ],
                "description": "",
                "from_port": 25565,
                "ipv6_cidr_blocks": [],
                "prefix_list_ids": [],
                "protocol": "tcp",
                "security_groups": [],
                "self": false,
                "to_port": 25565
              }
            ],
            "name": "minecraft-sg-20240611222913064500000001",
            "name_prefix": "minecraft-sg-",
            "owner_id": "599429229318",
            "revoke_rules_on_delete": false,
            "tags": null,
            "tags_all": {},
            "timeouts": null,
            "vpc_id": "vpc-00c61a0e241700558"
          },
          "sensitive_attributes": [],
          "private": "eyJlMmJmYjczMC1lY2FhLTExZTYtOGY4OC0zNDM2M2JjN2M0YzAiOnsiY3JlYXRlIjo2MDAwMDAwMDAwMDAsImRlbGV0ZSI6OTAwMDAwMDAwMDAwfSwic2NoZW1hX3ZlcnNpb24iOiIxIn0="
        }
      ]
    }
  ],
  "check_results": null
}
